
Microsoft Visual Studio Solution File, Format Version 12.00
# Visual Studio Version 17
VisualStudioVersion = 17.7.34031.279
MinimumVisualStudioVersion = 10.0.40219.1
Project("{FAE04EC0-301F-11D3-BF4B-00C04F79EFBC}") = "Solar System", "Solar System\Solar System.csproj", "{5094632E-1AD2-4FF9-8FC8-0176819FDCE3}"
EndProject
Global
	GlobalSection(SolutionConfigurationPlatforms) = preSolution
		Debug|Any CPU = Debug|Any CPU
		Release|Any CPU = Release|Any CPU
	EndGlobalSection
	GlobalSection(ProjectConfigurationPlatforms) = postSolution
		{5094632E-1AD2-4FF9-8FC8-0176819FDCE3}.Debug|Any CPU.ActiveCfg = Debug|Any CPU
		{5094632E-1AD2-4FF9-8FC8-0176819FDCE3}.Debug|Any CPU.Build.0 = Debug|Any CPU
		{5094632E-1AD2-4FF9-8FC8-0176819FDCE3}.Release|Any CPU.ActiveCfg = Release|Any CPU
		{5094632E-1AD2-4FF9-8FC8-0176819FDCE3}.Release|Any CPU.Build.0 = Release|Any CPU
	EndGlobalSection
	GlobalSection(SolutionProperties) = preSolution
		HideSolutionNode = FALSE
	EndGlobalSection
	GlobalSection(ExtensibilityGlobals) = postSolution
		SolutionGuid = {95B1F470-FDEA-4B63-B4DC-27B54C488A96}
	EndGlobalSection
EndGlobal
